{
  "nodes": {
    "ignis-gvc": {
      "inputs": {
        "nixpkgs": [
          "nixpkgs"
        ]
      },
      "locked": {
        "lastModified": 1754064086,
        "narHash": "sha256-ft5KvY2OYrWF+jEsfBL/Zx8Iuo2C10C6COk8wHwZw34=",
        "owner": "ignis-sh",
        "repo": "ignis-gvc",
        "rev": "f2c9f10d8b49cc38106a2f07a51ea959c6aa4e63",
        "type": "github"
      },
      "original": {
        "owner": "ignis-sh",
        "repo": "ignis-gvc",
        "type": "github"
      }
    },
    "nixpkgs": {
      "locked": {
        "lastModified": 1751011381,
        "narHash": "sha256-krGXKxvkBhnrSC/kGBmg5MyupUUT5R6IBCLEzx9jhMM=",
        "owner": "NixOS",
        "repo": "nixpkgs",
        "rev": "30e2e2857ba47844aa71991daa6ed1fc678bcbb7",
        "type": "github"
      },
      "original": {
        "owner": "NixOS",
        "ref": "nixos-unstable",
        "repo": "nixpkgs",
        "type": "github"
      }
    },
    "root": {
      "inputs": {
        "ignis-gvc": "ignis-gvc",
        "nixpkgs": "nixpkgs"
      }
    }
  },
  "root": "root",
  "version": 7
}
